
Microsoft Visual Studio Solution File, Format Version 12.00
# Visual Studio Version 17
VisualStudioVersion = 17.4.32804.182
MinimumVisualStudioVersion = 10.0.40219.1
Project("{FAE04EC0-301F-11D3-BF4B-00C04F79EFBC}") = "nkv.Automator", "nkv.Automator.csproj", "{341EDAA8-01BD-4541-98E2-5B901EDCC1C4}"
EndProject
Global
	GlobalSection(SolutionConfigurationPlatforms) = preSolution
		Debug|Any CPU = Debug|Any CPU
		Release|Any CPU = Release|Any CPU
	EndGlobalSection
	GlobalSection(ProjectConfigurationPlatforms) = postSolution
		{341EDAA8-01BD-4541-98E2-5B901EDCC1C4}.Debug|Any CPU.ActiveCfg = Debug|Any CPU
		{341EDAA8-01BD-4541-98E2-5B901EDCC1C4}.Debug|Any CPU.Build.0 = Debug|Any CPU
		{341EDAA8-01BD-4541-98E2-5B901EDCC1C4}.Release|Any CPU.ActiveCfg = Release|Any CPU
		{341EDAA8-01BD-4541-98E2-5B901EDCC1C4}.Release|Any CPU.Build.0 = Release|Any CPU
	EndGlobalSection
	GlobalSection(SolutionProperties) = preSolution
		HideSolutionNode = FALSE
	EndGlobalSection
	GlobalSection(ExtensibilityGlobals) = postSolution
		SolutionGuid = {158AA7F7-23CB-4424-97B0-DFEE164102DD}
	EndGlobalSection
EndGlobal
